Microsoft Visual Studio Solution File, Format Version 12.00
# Visual Studio Version 17
VisualStudioVersion = 17.5.2.0
MinimumVisualStudioVersion = 10.0.40219.1
Project("{FAE04EC0-301F-11D3-BF4B-00C04F79EFBC}") = "Doomlist", "Doomlist.csproj", "{DC89C8BE-629D-4A29-5C62-D522786BF54C}"
EndProject
Global
	GlobalSection(SolutionConfigurationPlatforms) = preSolution
		Debug|Any CPU = Debug|Any CPU
		Release|Any CPU = Release|Any CPU
	EndGlobalSection
	GlobalSection(ProjectConfigurationPlatforms) = postSolution
		{DC89C8BE-629D-4A29-5C62-D522786BF54C}.Debug|Any CPU.ActiveCfg = Debug|Any CPU
		{DC89C8BE-629D-4A29-5C62-D522786BF54C}.Debug|Any CPU.Build.0 = Debug|Any CPU
		{DC89C8BE-629D-4A29-5C62-D522786BF54C}.Release|Any CPU.ActiveCfg = Release|Any CPU
		{DC89C8BE-629D-4A29-5C62-D522786BF54C}.Release|Any CPU.Build.0 = Release|Any CPU
	EndGlobalSection
	GlobalSection(SolutionProperties) = preSolution
		HideSolutionNode = FALSE
	EndGlobalSection
	GlobalSection(ExtensibilityGlobals) = postSolution
		SolutionGuid = {F8E54706-F29B-4098-AA61-2E5C5C0B2543}
	EndGlobalSection
EndGlobal
